// !$*UTF8*$!
{
	archiveVersion = 1;
	classes = {
	};
	objectVersion = 46;
	objects = {

/* Begin PBXBuildFile section */
		121B51FB1C9D7F5300137262 /* main.m in Sources */ = {isa = PBXBuildFile; fileRef = 121B51FA1C9D7F5300137262 /* main.m */; };
		121B51FE1C9D7F5300137262 /* AppDelegate.m in Sources */ = {isa = PBXBuildFile; fileRef = 121B51FD1C9D7F5300137262 /* AppDelegate.m */; };
		121B52011C9D7F5300137262 /* ViewController.m in Sources */ = {isa = PBXBuildFile; fileRef = 121B52001C9D7F5300137262 /* ViewController.m */; };
		121B52061C9D7F5400137262 /* Assets.xcassets in Resources */ = {isa = PBXBuildFile; fileRef = 121B52051C9D7F5400137262 /* Assets.xcassets */; };
		121B52091C9D7F5400137262 /* LaunchScreen.storyboard in Resources */ = {isa = PBXBuildFile; fileRef = 121B52071C9D7F5400137262 /* LaunchScreen.storyboard */; };
		121B52141C9D7F5400137262 /* FlickrTCTests.m in Sources */ = {isa = PBXBuildFile; fileRef = 121B52131C9D7F5400137262 /* FlickrTCTests.m */; };
		121B521F1C9D7F5400137262 /* FlickrTCUITests.m in Sources */ = {isa = PBXBuildFile; fileRef = 121B521E1C9D7F5400137262 /* FlickrTCUITests.m */; };
		121FF58D1C9DE3F6000E698B /* FTCApiManager.m in Sources */ = {isa = PBXBuildFile; fileRef = 121FF58C1C9DE3F6000E698B /* FTCApiManager.m */; };
		121FF58E1C9DE3F6000E698B /* FTCApiManager.m in Sources */ = {isa = PBXBuildFile; fileRef = 121FF58C1C9DE3F6000E698B /* FTCApiManager.m */; };
		121FF5971C9DEC62000E698B /* AFNetworking.framework in Frameworks */ = {isa = PBXBuildFile; fileRef = 121FF5961C9DEC62000E698B /* AFNetworking.framework */; };
		121FF5981C9DEC63000E698B /* AFNetworking.framework in Frameworks */ = {isa = PBXBuildFile; fileRef = 121FF5961C9DEC62000E698B /* AFNetworking.framework */; };
		121FF59A1C9DEC8E000E698B /* AFNetworking.framework in Embed Frameworks */ = {isa = PBXBuildFile; fileRef = 121FF5961C9DEC62000E698B /* AFNetworking.framework */; settings = {ATTRIBUTES = (CodeSignOnCopy, RemoveHeadersOnCopy, ); }; };
/* End PBXBuildFile section */

/* Begin PBXContainerItemProxy section */
		121B52101C9D7F5400137262 /* PBXContainerItemProxy */ = {
			isa = PBXContainerItemProxy;
			containerPortal = 121B51EE1C9D7F5300137262 /* Project object */;
			proxyType = 1;
			remoteGlobalIDString = 121B51F51C9D7F5300137262;
			remoteInfo = FlickrTC;
		};
		121B521B1C9D7F5400137262 /* PBXContainerItemProxy */ = {
			isa = PBXContainerItemProxy;
			containerPortal = 121B51EE1C9D7F5300137262 /* Project object */;
			proxyType = 1;
			remoteGlobalIDString = 121B51F51C9D7F5300137262;
			remoteInfo = FlickrTC;
		};
/* End PBXContainerItemProxy section */

/* Begin PBXCopyFilesBuildPhase section */
		121FF59B1C9DEC8E000E698B /* Embed Frameworks */ = {
			isa = PBXCopyFilesBuildPhase;
			buildActionMask = 2147483647;
			dstPath = "";
			dstSubfolderSpec = 10;
			files = (
				121FF59A1C9DEC8E000E698B /* AFNetworking.framework in Embed Frameworks */,
			);
			name = "Embed Frameworks";
			runOnlyForDeploymentPostprocessing = 0;
		};
/* End PBXCopyFilesBuildPhase section */

/* Begin PBXFileReference section */
		121B51F61C9D7F5300137262 /* FlickrTC.app */ = {isa = PBXFileReference; explicitFileType = wrapper.application; includeInIndex = 0; path = FlickrTC.app; sourceTree = BUILT_PRODUCTS_DIR; };
		121B51FA1C9D7F5300137262 /* main.m */ = {isa = PBXFileReference; lastKnownFileType = sourcecode.c.objc; path = main.m; sourceTree = "<group>"; };
		121B51FC1C9D7F5300137262 /* AppDelegate.h */ = {isa = PBXFileReference; lastKnownFileType = sourcecode.c.h; path = AppDelegate.h; sourceTree = "<group>"; };
		121B51FD1C9D7F5300137262 /* AppDelegate.m */ = {isa = PBXFileReference; lastKnownFileType = sourcecode.c.objc; path = AppDelegate.m; sourceTree = "<group>"; };
		121B51FF1C9D7F5300137262 /* ViewController.h */ = {isa = PBXFileReference; lastKnownFileType = sourcecode.c.h; path = ViewController.h; sourceTree = "<group>"; };
		121B52001C9D7F5300137262 /* ViewController.m */ = {isa = PBXFileReference; lastKnownFileType = sourcecode.c.objc; path = ViewController.m; sourceTree = "<group>"; };
		121B52051C9D7F5400137262 /* Assets.xcassets */ = {isa = PBXFileReference; lastKnownFileType = folder.assetcatalog; path = Assets.xcassets; sourceTree = "<group>"; };
		121B52081C9D7F5400137262 /* Base */ = {isa = PBXFileReference; lastKnownFileType = file.storyboard; name = Base; path = Base.lproj/LaunchScreen.storyboard; sourceTree = "<group>"; };
		121B520A1C9D7F5400137262 /* Info.plist */ = {isa = PBXFileReference; lastKnownFileType = text.plist.xml; path = Info.plist; sourceTree = "<group>"; };
		121B520F1C9D7F5400137262 /* FlickrTCTests.xctest */ = {isa = PBXFileReference; explicitFileType = wrapper.cfbundle; includeInIndex = 0; path = FlickrTCTests.xctest; sourceTree = BUILT_PRODUCTS_DIR; };
		121B52131C9D7F5400137262 /* FlickrTCTests.m */ = {isa = PBXFileReference; lastKnownFileType = sourcecode.c.objc; path = FlickrTCTests.m; sourceTree = "<group>"; };
		121B52151C9D7F5400137262 /* Info.plist */ = {isa = PBXFileReference; lastKnownFileType = text.plist.xml; path = Info.plist; sourceTree = "<group>"; };
		121B521A1C9D7F5400137262 /* FlickrTCUITests.xctest */ = {isa = PBXFileReference; explicitFileType = wrapper.cfbundle; includeInIndex = 0; path = FlickrTCUITests.xctest; sourceTree = BUILT_PRODUCTS_DIR; };
		121B521E1C9D7F5400137262 /* FlickrTCUITests.m */ = {isa = PBXFileReference; lastKnownFileType = sourcecode.c.objc; path = FlickrTCUITests.m; sourceTree = "<group>"; };
		121B52201C9D7F5400137262 /* Info.plist */ = {isa = PBXFileReference; lastKnownFileType = text.plist.xml; path = Info.plist; sourceTree = "<group>"; };
		121FF58B1C9DE3F6000E698B /* FTCApiManager.h */ = {isa = PBXFileReference; fileEncoding = 4; lastKnownFileType = sourcecode.c.h; path = FTCApiManager.h; sourceTree = "<group>"; };
		121FF58C1C9DE3F6000E698B /* FTCApiManager.m */ = {isa = PBXFileReference; fileEncoding = 4; lastKnownFileType = sourcecode.c.objc; path = FTCApiManager.m; sourceTree = "<group>"; };
		121FF5961C9DEC62000E698B /* AFNetworking.framework */ = {isa = PBXFileReference; lastKnownFileType = wrapper.framework; path = AFNetworking.framework; sourceTree = "<group>"; };
/* End PBXFileReference section */

/* Begin PBXFrameworksBuildPhase section */
		121B51F31C9D7F5300137262 /* Frameworks */ = {
			isa = PBXFrameworksBuildPhase;
			buildActionMask = 2147483647;
			files = (
				121FF5971C9DEC62000E698B /* AFNetworking.framework in Frameworks */,
			);
			runOnlyForDeploymentPostprocessing = 0;
		};
		121B520C1C9D7F5400137262 /* Frameworks */ = {
			isa = PBXFrameworksBuildPhase;
			buildActionMask = 2147483647;
			files = (
				121FF5981C9DEC63000E698B /* AFNetworking.framework in Frameworks */,
			);
			runOnlyForDeploymentPostprocessing = 0;
		};
		121B52171C9D7F5400137262 /* Frameworks */ = {
			isa = PBXFrameworksBuildPhase;
			buildActionMask = 2147483647;
			files = (
			);
			runOnlyForDeploymentPostprocessing = 0;
		};
/* End PBXFrameworksBuildPhase section */

/* Begin PBXGroup section */
		121B51ED1C9D7F5300137262 = {
			isa = PBXGroup;
			children = (
				121B51F81C9D7F5300137262 /* FlickrTC */,
				121B52121C9D7F5400137262 /* FlickrTCTests */,
				121B521D1C9D7F5400137262 /* FlickrTCUITests */,
				121B51F71C9D7F5300137262 /* Products */,
			);
			sourceTree = "<group>";
		};
		121B51F71C9D7F5300137262 /* Products */ = {
			isa = PBXGroup;
			children = (
				121B51F61C9D7F5300137262 /* FlickrTC.app */,
				121B520F1C9D7F5400137262 /* FlickrTCTests.xctest */,
				121B521A1C9D7F5400137262 /* FlickrTCUITests.xctest */,
			);
			name = Products;
			sourceTree = "<group>";
		};
		121B51F81C9D7F5300137262 /* FlickrTC */ = {
			isa = PBXGroup;
			children = (
				121B52311C9DE2DD00137262 /* Frameworks */,
				121FF58A1C9DE3DE000E698B /* Networking */,
				121B51FC1C9D7F5300137262 /* AppDelegate.h */,
				121B51FD1C9D7F5300137262 /* AppDelegate.m */,
				121B51FF1C9D7F5300137262 /* ViewController.h */,
				121B52001C9D7F5300137262 /* ViewController.m */,
				121B52051C9D7F5400137262 /* Assets.xcassets */,
				121B52071C9D7F5400137262 /* LaunchScreen.storyboard */,
				121B520A1C9D7F5400137262 /* Info.plist */,
				121B51F91C9D7F5300137262 /* Supporting Files */,
			);
			path = FlickrTC;
			sourceTree = "<group>";
		};
		121B51F91C9D7F5300137262 /* Supporting Files */ = {
			isa = PBXGroup;
			children = (
				121B51FA1C9D7F5300137262 /* main.m */,
			);
			name = "Supporting Files";
			sourceTree = "<group>";
		};
		121B52121C9D7F5400137262 /* FlickrTCTests */ = {
			isa = PBXGroup;
			children = (
				121B52131C9D7F5400137262 /* FlickrTCTests.m */,
				121B52151C9D7F5400137262 /* Info.plist */,
			);
			path = FlickrTCTests;
			sourceTree = "<group>";
		};
		121B521D1C9D7F5400137262 /* FlickrTCUITests */ = {
			isa = PBXGroup;
			children = (
				121B521E1C9D7F5400137262 /* FlickrTCUITests.m */,
				121B52201C9D7F5400137262 /* Info.plist */,
			);
			path = FlickrTCUITests;
			sourceTree = "<group>";
		};
		121B52311C9DE2DD00137262 /* Frameworks */ = {
			isa = PBXGroup;
			children = (
				121FF5961C9DEC62000E698B /* AFNetworking.framework */,
			);
			path = Frameworks;
			sourceTree = "<group>";
		};
		121FF58A1C9DE3DE000E698B /* Networking */ = {
			isa = PBXGroup;
			children = (
				121FF58B1C9DE3F6000E698B /* FTCApiManager.h */,
				121FF58C1C9DE3F6000E698B /* FTCApiManager.m */,
			);
			path = Networking;
			sourceTree = "<group>";
		};
/* End PBXGroup section */

/* Begin PBXNativeTarget section */
		121B51F51C9D7F5300137262 /* FlickrTC */ = {
			isa = PBXNativeTarget;
			buildConfigurationList = 121B52231C9D7F5400137262 /* Build configuration list for PBXNativeTarget "FlickrTC" */;
			buildPhases = (
				121B51F21C9D7F5300137262 /* Sources */,
				121B51F31C9D7F5300137262 /* Frameworks */,
				121B51F41C9D7F5300137262 /* Resources */,
				121FF59B1C9DEC8E000E698B /* Embed Frameworks */,
			);
			buildRules = (
			);
			dependencies = (
			);
			name = FlickrTC;
			productName = FlickrTC;
			productReference = 121B51F61C9D7F5300137262 /* FlickrTC.app */;
			productType = "com.apple.product-type.application";
		};
		121B520E1C9D7F5400137262 /* FlickrTCTests */ = {
			isa = PBXNativeTarget;
			buildConfigurationList = 121B52261C9D7F5400137262 /* Build configuration list for PBXNativeTarget "FlickrTCTests" */;
			buildPhases = (
				121B520B1C9D7F5400137262 /* Sources */,
				121B520C1C9D7F5400137262 /* Frameworks */,
				121B520D1C9D7F5400137262 /* Resources */,
			);
			buildRules = (
			);
			dependencies = (
				121B52111C9D7F5400137262 /* PBXTargetDependency */,
			);
			name = FlickrTCTests;
			productName = FlickrTCTests;
			productReference = 121B520F1C9D7F5400137262 /* FlickrTCTests.xctest */;
			productType = "com.apple.product-type.bundle.unit-test";
		};
		121B52191C9D7F5400137262 /* FlickrTCUITests */ = {
			isa = PBXNativeTarget;
			buildConfigurationList = 121B52291C9D7F5400137262 /* Build configuration list for PBXNativeTarget "FlickrTCUITests" */;
			buildPhases = (
				121B52161C9D7F5400137262 /* Sources */,
				121B52171C9D7F5400137262 /* Frameworks */,
				121B52181C9D7F5400137262 /* Resources */,
			);
			buildRules = (
			);
			dependencies = (
				121B521C1C9D7F5400137262 /* PBXTargetDependency */,
			);
			name = FlickrTCUITests;
			productName = FlickrTCUITests;
			productReference = 121B521A1C9D7F5400137262 /* FlickrTCUITests.xctest */;
			productType = "com.apple.product-type.bundle.ui-testing";
		};
/* End PBXNativeTarget section */

/* Begin PBXProject section */
		121B51EE1C9D7F5300137262 /* Project object */ = {
			isa = PBXProject;
			attributes = {
				LastUpgradeCheck = 0720;
				ORGANIZATIONNAME = "Yunus Nedim Mehel";
				TargetAttributes = {
					121B51F51C9D7F5300137262 = {
						CreatedOnToolsVersion = 7.2;
					};
					121B520E1C9D7F5400137262 = {
						CreatedOnToolsVersion = 7.2;
						TestTargetID = 121B51F51C9D7F5300137262;
					};
					121B52191C9D7F5400137262 = {
						CreatedOnToolsVersion = 7.2;
						TestTargetID = 121B51F51C9D7F5300137262;
					};
				};
			};
			buildConfigurationList = 121B51F11C9D7F5300137262 /* Build configuration list for PBXProject "FlickrTC" */;
			compatibilityVersion = "Xcode 3.2";
			developmentRegion = English;
			hasScannedForEncodings = 0;
			knownRegions = (
				en,
				Base,
			);
			mainGroup = 121B51ED1C9D7F5300137262;
			productRefGroup = 121B51F71C9D7F5300137262 /* Products */;
			projectDirPath = "";
			projectRoot = "";
			targets = (
				121B51F51C9D7F5300137262 /* FlickrTC */,
				121B520E1C9D7F5400137262 /* FlickrTCTests */,
				121B52191C9D7F5400137262 /* FlickrTCUITests */,
			);
		};
/* End PBXProject section */

/* Begin PBXResourcesBuildPhase section */
		121B51F41C9D7F5300137262 /* Resources */ = {
			isa = PBXResourcesBuildPhase;
			buildActionMask = 2147483647;
			files = (
				121B52091C9D7F5400137262 /* LaunchScreen.storyboard in Resources */,
				121B52061C9D7F5400137262 /* Assets.xcassets in Resources */,
			);
			runOnlyForDeploymentPostprocessing = 0;
		};
		121B520D1C9D7F5400137262 /* Resources */ = {
			isa = PBXResourcesBuildPhase;
			buildActionMask = 2147483647;
			files = (
			);
			runOnlyForDeploymentPostprocessing = 0;
		};
		121B52181C9D7F5400137262 /* Resources */ = {
			isa = PBXResourcesBuildPhase;
			buildActionMask = 2147483647;
			files = (
			);
			runOnlyForDeploymentPostprocessing = 0;
		};
/* End PBXResourcesBuildPhase section */

/* Begin PBXSourcesBuildPhase section */
		121B51F21C9D7F5300137262 /* Sources */ = {
			isa = PBXSourcesBuildPhase;
			buildActionMask = 2147483647;
			files = (
				121FF58D1C9DE3F6000E698B /* FTCApiManager.m in Sources */,
				121B52011C9D7F5300137262 /* ViewController.m in Sources */,
				121B51FE1C9D7F5300137262 /* AppDelegate.m in Sources */,
				121B51FB1C9D7F5300137262 /* main.m in Sources */,
			);
			runOnlyForDeploymentPostprocessing = 0;
		};
		121B520B1C9D7F5400137262 /* Sources */ = {
			isa = PBXSourcesBuildPhase;
			buildActionMask = 2147483647;
			files = (
				121FF58E1C9DE3F6000E698B /* FTCApiManager.m in Sources */,
				121B52141C9D7F5400137262 /* FlickrTCTests.m in Sources */,
			);
			runOnlyForDeploymentPostprocessing = 0;
		};
		121B52161C9D7F5400137262 /* Sources */ = {
			isa = PBXSourcesBuildPhase;
			buildActionMask = 2147483647;
			files = (
				121B521F1C9D7F5400137262 /* FlickrTCUITests.m in Sources */,
			);
			runOnlyForDeploymentPostprocessing = 0;
		};
/* End PBXSourcesBuildPhase section */

/* Begin PBXTargetDependency section */
		121B52111C9D7F5400137262 /* PBXTargetDependency */ = {
			isa = PBXTargetDependency;
			target = 121B51F51C9D7F5300137262 /* FlickrTC */;
			targetProxy = 121B52101C9D7F5400137262 /* PBXContainerItemProxy */;
		};
		121B521C1C9D7F5400137262 /* PBXTargetDependency */ = {
			isa = PBXTargetDependency;
			target = 121B51F51C9D7F5300137262 /* FlickrTC */;
			targetProxy = 121B521B1C9D7F5400137262 /* PBXContainerItemProxy */;
		};
/* End PBXTargetDependency section */

/* Begin PBXVariantGroup section */
		121B52071C9D7F5400137262 /* LaunchScreen.storyboard */ = {
			isa = PBXVariantGroup;
			children = (
				121B52081C9D7F5400137262 /* Base */,
			);
			name = LaunchScreen.storyboard;
			sourceTree = "<group>";
		};
/* End PBXVariantGroup section */

/* Begin XCBuildConfiguration section */
		121B52211C9D7F5400137262 /* Debug */ = {
			isa = XCBuildConfiguration;
			buildSettings = {
				ALWAYS_SEARCH_USER_PATHS = YES;
				CLANG_CXX_LANGUAGE_STANDARD = "gnu++0x";
				CLANG_CXX_LIBRARY = "libc++";
				CLANG_ENABLE_MODULES = YES;
				CLANG_ENABLE_OBJC_ARC = YES;
				CLANG_WARN_BOOL_CONVERSION = YES;
				CLANG_WARN_CONSTANT_CONVERSION = YES;
				CLANG_WARN_DIRECT_OBJC_ISA_USAGE = YES_ERROR;
				CLANG_WARN_EMPTY_BODY = YES;
				CLANG_WARN_ENUM_CONVERSION = YES;
				CLANG_WARN_INT_CONVERSION = YES;
				CLANG_WARN_OBJC_ROOT_CLASS = YES_ERROR;
				CLANG_WARN_UNREACHABLE_CODE = YES;
				CLANG_WARN__DUPLICATE_METHOD_MATCH = YES;
				"CODE_SIGN_IDENTITY[sdk=iphoneos*]" = "iPhone Developer";
				COPY_PHASE_STRIP = NO;
				DEBUG_INFORMATION_FORMAT = dwarf;
				ENABLE_STRICT_OBJC_MSGSEND = YES;
				ENABLE_TESTABILITY = YES;
				FRAMEWORK_SEARCH_PATHS = "$(PROJECT_DIR)/Carthage/Build/iOS/**";
				GCC_C_LANGUAGE_STANDARD = gnu99;
				GCC_DYNAMIC_NO_PIC = NO;
				GCC_NO_COMMON_BLOCKS = YES;
				GCC_OPTIMIZATION_LEVEL = 0;
				GCC_PREPROCESSOR_DEFINITIONS = (
					"DEBUG=1",
					"$(inherited)",
				);
				GCC_WARN_64_TO_32_BIT_CONVERSION = YES;
				GCC_WARN_ABOUT_RETURN_TYPE = YES_ERROR;
				GCC_WARN_UNDECLARED_SELECTOR = YES;
				GCC_WARN_UNINITIALIZED_AUTOS = YES_AGGRESSIVE;
				GCC_WARN_UNUSED_FUNCTION = YES;
				GCC_WARN_UNUSED_VARIABLE = YES;
				HEADER_SEARCH_PATHS = "$(PROJECT_DIR)/Carthage/Build/iOS/**";
				IPHONEOS_DEPLOYMENT_TARGET = 9.2;
				LIBRARY_SEARCH_PATHS = "$(PROJECT_DIR)/Carthage/Build/iOS/**";
				MTL_ENABLE_DEBUG_INFO = YES;
				ONLY_ACTIVE_ARCH = YES;
				SDKROOT = iphoneos;
			};
			name = Debug;
		};
		121B52221C9D7F5400137262 /* Release */ = {
			isa = XCBuildConfiguration;
			buildSettings = {
				ALWAYS_SEARCH_USER_PATHS = YES;
				CLANG_CXX_LANGUAGE_STANDARD = "gnu++0x";
				CLANG_CXX_LIBRARY = "libc++";
				CLANG_ENABLE_MODULES = YES;
				CLANG_ENABLE_OBJC_ARC = YES;
				CLANG_WARN_BOOL_CONVERSION = YES;
				CLANG_WARN_CONSTANT_CONVERSION = YES;
				CLANG_WARN_DIRECT_OBJC_ISA_USAGE = YES_ERROR;
				CLANG_WARN_EMPTY_BODY = YES;
				CLANG_WARN_ENUM_CONVERSION = YES;
				CLANG_WARN_INT_CONVERSION = YES;
				CLANG_WARN_OBJC_ROOT_CLASS = YES_ERROR;
				CLANG_WARN_UNREACHABLE_CODE = YES;
				CLANG_WARN__DUPLICATE_METHOD_MATCH = YES;
				"CODE_SIGN_IDENTITY[sdk=iphoneos*]" = "iPhone Developer";
				COPY_PHASE_STRIP = NO;
				DEBUG_INFORMATION_FORMAT = "dwarf-with-dsym";
				ENABLE_NS_ASSERTIONS = NO;
				ENABLE_STRICT_OBJC_MSGSEND = YES;
				FRAMEWORK_SEARCH_PATHS = "$(PROJECT_DIR)/Carthage/Build/iOS/**";
				GCC_C_LANGUAGE_STANDARD = gnu99;
				GCC_NO_COMMON_BLOCKS = YES;
				GCC_WARN_64_TO_32_BIT_CONVERSION = YES;
				GCC_WARN_ABOUT_RETURN_TYPE = YES_ERROR;
				GCC_WARN_UNDECLARED_SELECTOR = YES;
				GCC_WARN_UNINITIALIZED_AUTOS = YES_AGGRESSIVE;
				GCC_WARN_UNUSED_FUNCTION = YES;
				GCC_WARN_UNUSED_VARIABLE = YES;
				HEADER_SEARCH_PATHS = "$(PROJECT_DIR)/Carthage/Build/iOS/**";
				IPHONEOS_DEPLOYMENT_TARGET = 9.2;
				LIBRARY_SEARCH_PATHS = "$(PROJECT_DIR)/Carthage/Build/iOS/**";
				MTL_ENABLE_DEBUG_INFO = NO;
				SDKROOT = iphoneos;
				VALIDATE_PRODUCT = YES;
			};
			name = Release;
		};
		121B52241C9D7F5400137262 /* Debug */ = {
			isa = XCBuildConfiguration;
			buildSettings = {
				ASSETCATALOG_COMPILER_APPICON_NAME = AppIcon;
				FRAMEWORK_SEARCH_PATHS = (
					"$(inherited)",
					"$(PROJECT_DIR)/Carthage/Build/iOS/**",
					"$(PROJECT_DIR)/FlickrTC/Frameworks",
				);
				INFOPLIST_FILE = FlickrTC/Info.plist;
				LD_RUNPATH_SEARCH_PATHS = "$(inherited) @executable_path/Frameworks";
				PRODUCT_BUNDLE_IDENTIFIER = com.ynm.FlickrTC;
				PRODUCT_NAME = "$(TARGET_NAME)";
			};
			name = Debug;
		};
		121B52251C9D7F5400137262 /* Release */ = {
			isa = XCBuildConfiguration;
			buildSettings = {
				ASSETCATALOG_COMPILER_APPICON_NAME = AppIcon;
				FRAMEWORK_SEARCH_PATHS = (
					"$(inherited)",
					"$(PROJECT_DIR)/Carthage/Build/iOS/**",
					"$(PROJECT_DIR)/FlickrTC/Frameworks",
				);
				INFOPLIST_FILE = FlickrTC/Info.plist;
				LD_RUNPATH_SEARCH_PATHS = "$(inherited) @executable_path/Frameworks";
				PRODUCT_BUNDLE_IDENTIFIER = com.ynm.FlickrTC;
				PRODUCT_NAME = "$(TARGET_NAME)";
			};
			name = Release;
		};
		121B52271C9D7F5400137262 /* Debug */ = {
			isa = XCBuildConfiguration;
			buildSettings = {
				BUNDLE_LOADER = "$(TEST_HOST)";
				FRAMEWORK_SEARCH_PATHS = (
					"$(inherited)",
					"$(PROJECT_DIR)/Carthage/Build/iOS",
					"$(PROJECT_DIR)/FlickrTC/Frameworks",
				);
				INFOPLIST_FILE = FlickrTCTests/Info.plist;
				LD_RUNPATH_SEARCH_PATHS = "$(inherited) @executable_path/Frameworks @loader_path/Frameworks";
				PRODUCT_BUNDLE_IDENTIFIER = com.ynm.FlickrTCTests;
				PRODUCT_NAME = "$(TARGET_NAME)";
				TEST_HOST = "$(BUILT_PRODUCTS_DIR)/FlickrTC.app/FlickrTC";
			};
			name = Debug;
		};
		121B52281C9D7F5400137262 /* Release */ = {
			isa = XCBuildConfiguration;
			buildSettings = {
				BUNDLE_LOADER = "$(TEST_HOST)";
				FRAMEWORK_SEARCH_PATHS = (
					"$(inherited)",
					"$(PROJECT_DIR)/Carthage/Build/iOS",
					"$(PROJECT_DIR)/FlickrTC/Frameworks",
				);
				INFOPLIST_FILE = FlickrTCTests/Info.plist;
				LD_RUNPATH_SEARCH_PATHS = "$(inherited) @executable_path/Frameworks @loader_path/Frameworks";
				PRODUCT_BUNDLE_IDENTIFIER = com.ynm.FlickrTCTests;
				PRODUCT_NAME = "$(TARGET_NAME)";
				TEST_HOST = "$(BUILT_PRODUCTS_DIR)/FlickrTC.app/FlickrTC";
			};
			name = Release;
		};
		121B522A1C9D7F5400137262 /* Debug */ = {
			isa = XCBuildConfiguration;
			buildSettings = {
				INFOPLIST_FILE = FlickrTCUITests/Info.plist;
				LD_RUNPATH_SEARCH_PATHS = "$(inherited) @executable_path/Frameworks @loader_path/Frameworks";
				PRODUCT_BUNDLE_IDENTIFIER = com.ynm.FlickrTCUITests;
				PRODUCT_NAME = "$(TARGET_NAME)";
				TEST_TARGET_NAME = FlickrTC;
				USES_XCTRUNNER = YES;
			};
			name = Debug;
		};
		121B522B1C9D7F5400137262 /* Release */ = {
			isa = XCBuildConfiguration;
			buildSettings = {
				INFOPLIST_FILE = FlickrTCUITests/Info.plist;
				LD_RUNPATH_SEARCH_PATHS = "$(inherited) @executable_path/Frameworks @loader_path/Frameworks";
				PRODUCT_BUNDLE_IDENTIFIER = com.ynm.FlickrTCUITests;
				PRODUCT_NAME = "$(TARGET_NAME)";
				TEST_TARGET_NAME = FlickrTC;
				USES_XCTRUNNER = YES;
			};
			name = Release;
		};
/* End XCBuildConfiguration section */

/* Begin XCConfigurationList section */
		121B51F11C9D7F5300137262 /* Build configuration list for PBXProject "FlickrTC" */ = {
			isa = XCConfigurationList;
			buildConfigurations = (
				121B52211C9D7F5400137262 /* Debug */,
				121B52221C9D7F5400137262 /* Release */,
			);
			defaultConfigurationIsVisible = 0;
			defaultConfigurationName = Release;
		};
		121B52231C9D7F5400137262 /* Build configuration list for PBXNativeTarget "FlickrTC" */ = {
			isa = XCConfigurationList;
			buildConfigurations = (
				121B52241C9D7F5400137262 /* Debug */,
				121B52251C9D7F5400137262 /* Release */,
			);
			defaultConfigurationIsVisible = 0;
			defaultConfigurationName = Release;
		};
		121B52261C9D7F5400137262 /* Build configuration list for PBXNativeTarget "FlickrTCTests" */ = {
			isa = XCConfigurationList;
			buildConfigurations = (
				121B52271C9D7F5400137262 /* Debug */,
				121B52281C9D7F5400137262 /* Release */,
			);
			defaultConfigurationIsVisible = 0;
			defaultConfigurationName = Release;
		};
		121B52291C9D7F5400137262 /* Build configuration list for PBXNativeTarget "FlickrTCUITests" */ = {
			isa = XCConfigurationList;
			buildConfigurations = (
				121B522A1C9D7F5400137262 /* Debug */,
				121B522B1C9D7F5400137262 /* Release */,
			);
			defaultConfigurationIsVisible = 0;
			defaultConfigurationName = Release;
		};
/* End XCConfigurationList section */
	};
	rootObject = 121B51EE1C9D7F5300137262 /* Project object */;
}
